# generated by rye
# use `rye lock` or `rye sync` to update this lockfile
#
# last locked with the following flags:
#   pre: false
#   features: []
#   all-features: false
#   with-sources: false
#   generate-hashes: false
#   universal: false

-e file:.
contourpy==1.3.0
    # via matplotlib
cycler==0.12.1
    # via matplotlib
dill==0.3.9
    # via qiskit
fonttools==4.54.1
    # via matplotlib
kiwisolver==1.4.7
    # via matplotlib
matplotlib==3.9.2
    # via quantum-information-seminar
mpmath==1.3.0
    # via sympy
numpy==2.1.2
    # via contourpy
    # via matplotlib
    # via qiskit
    # via qiskit-aer
    # via rustworkx
    # via scipy
packaging==24.1
    # via matplotlib
pbr==6.1.0
    # via stevedore
pillow==11.0.0
    # via matplotlib
psutil==6.0.0
    # via qiskit-aer
pylatexenc==2.10
    # via quantum-information-seminar
pyparsing==3.2.0
    # via matplotlib
python-dateutil==2.9.0.post0
    # via matplotlib
    # via qiskit
qiskit==1.2.4
    # via qiskit-aer
    # via quantum-information-seminar
qiskit-aer==0.15.1
    # via quantum-information-seminar
rustworkx==0.15.1
    # via qiskit
scipy==1.14.1
    # via qiskit
    # via qiskit-aer
six==1.16.0
    # via python-dateutil
stevedore==5.3.0
    # via qiskit
symengine==0.13.0
    # via qiskit
sympy==1.13.3
    # via qiskit
typing-extensions==4.12.2
    # via qiskit
